
Microsoft Visual Studio Solution File, Format Version 12.00
# Visual Studio 15
VisualStudioVersion = 15.0.28307.960
MinimumVisualStudioVersion = 10.0.40219.1
Project("{FAE04EC0-301F-11D3-BF4B-00C04F79EFBC}") = "invertirNumeros", "invertirNumeros\invertirNumeros.csproj", "{B68900D8-7AFF-4D23-B99A-955901C45423}"
EndProject
Global
	GlobalSection(SolutionConfigurationPlatforms) = preSolution
		Debug|Any CPU = Debug|Any CPU
		Release|Any CPU = Release|Any CPU
	EndGlobalSection
	GlobalSection(ProjectConfigurationPlatforms) = postSolution
		{B68900D8-7AFF-4D23-B99A-955901C45423}.Debug|Any CPU.ActiveCfg = Debug|Any CPU
		{B68900D8-7AFF-4D23-B99A-955901C45423}.Debug|Any CPU.Build.0 = Debug|Any CPU
		{B68900D8-7AFF-4D23-B99A-955901C45423}.Release|Any CPU.ActiveCfg = Release|Any CPU
		{B68900D8-7AFF-4D23-B99A-955901C45423}.Release|Any CPU.Build.0 = Release|Any CPU
	EndGlobalSection
	GlobalSection(SolutionProperties) = preSolution
		HideSolutionNode = FALSE
	EndGlobalSection
	GlobalSection(ExtensibilityGlobals) = postSolution
		SolutionGuid = {432102C3-D9C4-47E9-846C-C1335ED019B2}
	EndGlobalSection
EndGlobal
